
Microsoft Visual Studio Solution File, Format Version 12.00
# Visual Studio 15
Project("{FAE04EC0-301F-11D3-BF4B-00C04F79EFBC}") = "SerkoTest", "SerkoTest\SerkoTest.csproj", "{F33D6EDF-FAF1-4D2D-93E6-60993DF4540D}"
EndProject
Global
	GlobalSection(SolutionConfigurationPlatforms) = preSolution
		Debug|Any CPU = Debug|Any CPU
		Release|Any CPU = Release|Any CPU
	EndGlobalSection
	GlobalSection(ProjectConfigurationPlatforms) = postSolution
		{F33D6EDF-FAF1-4D2D-93E6-60993DF4540D}.Debug|Any CPU.ActiveCfg = Debug|Any CPU
		{F33D6EDF-FAF1-4D2D-93E6-60993DF4540D}.Debug|Any CPU.Build.0 = Debug|Any CPU
		{F33D6EDF-FAF1-4D2D-93E6-60993DF4540D}.Release|Any CPU.ActiveCfg = Release|Any CPU
		{F33D6EDF-FAF1-4D2D-93E6-60993DF4540D}.Release|Any CPU.Build.0 = Release|Any CPU
	EndGlobalSection
EndGlobal
